<?xml version="1.0" encoding="utf-8"?>
<Project ToolsVersion="4.0" xmlns="http://schemas.microsoft.com/developer/msbuild/2003">
  <ItemGroup>
    <Filter Include="Source Files">
      <UniqueIdentifier>{4FC737F1-C7A5-4376-A066-2A32D752A2FF}</UniqueIdentifier>
      <Extensions>cpp;c;cc;cxx;c++;cppm;ixx;def;odl;idl;hpj;bat;asm;asmx</Extensions>
    </Filter>
    <Filter Include="Header Files">
      <UniqueIdentifier>{93995380-89BD-4b04-88EB-625FBE52EBFB}</UniqueIdentifier>
      <Extensions>h;hh;hpp;hxx;h++;hm;inl;inc;ipp;xsd</Extensions>
    </Filter>
    <Filter Include="Resource Files">
      <UniqueIdentifier>{67DA6AB6-F800-4c08-8B7A-83BB121AAD01}</UniqueIdentifier>
      <Extensions>rc;ico;cur;bmp;dlg;rc2;rct;bin;rgs;gif;jpg;jpeg;jpe;resx;tiff;tif;png;wav;mfcribbon-ms</Extensions>
    </Filter>
    <Filter Include="Header Files\Interface">
      <UniqueIdentifier>{77326801-9673-4079-a44b-05b94a3d8eef}</UniqueIdentifier>
    </Filter>
    <Filter Include="Header Files\Model">
      <UniqueIdentifier>{e9e053c4-2b36-43b6-bfc1-5e6412bd99e5}</UniqueIdentifier>
    </Filter>
    <Filter Include="Header Files\Manager">
      <UniqueIdentifier>{42567f4c-f41e-4761-9399-5bf390d4c3cd}</UniqueIdentifier>
    </Filter>
    <Filter Include="Header Files\System">
      <UniqueIdentifier>{60cdede0-b017-4bec-859e-149749124e0f}</UniqueIdentifier>
    </Filter>
    <Filter Include="Source Files\Model">
      <UniqueIdentifier>{e720c54b-049a-426a-aa4f-04e017aacfcb}</UniqueIdentifier>
    </Filter>
    <Filter Include="Source Files\Manager">
      <UniqueIdentifier>{e5432ecd-6330-4fb9-afe4-79409a06b697}</UniqueIdentifier>
    </Filter>
    <Filter Include="Source Files\System">
      <UniqueIdentifier>{511fc2fe-6876-4fac-b69e-b372b49b2932}</UniqueIdentifier>
    </Filter>
    <Filter Include="Source Files\Model\Scene">
      <UniqueIdentifier>{c578239d-5bd7-4f44-a73e-096e7b939894}</UniqueIdentifier>
    </Filter>
    <Filter Include="Source Files\Model\Scene\Abstract">
      <UniqueIdentifier>{672e95bc-729e-4dae-b1fe-23364d2fb0ed}</UniqueIdentifier>
    </Filter>
    <Filter Include="Header Files\Model\Scene">
      <UniqueIdentifier>{d574f55a-ba2f-479d-81e9-a32b46408809}</UniqueIdentifier>
    </Filter>
    <Filter Include="Header Files\Model\Scene\Abstract">
      <UniqueIdentifier>{2457b28e-c186-47eb-91cc-a44db300abd5}</UniqueIdentifier>
    </Filter>
    <Filter Include="Source Files\Model\Scene\Default">
      <UniqueIdentifier>{45035bf6-200a-483d-bfc9-d2510de074db}</UniqueIdentifier>
    </Filter>
    <Filter Include="Header Files\Model\Scene\Default">
      <UniqueIdentifier>{5072b2f9-8024-4da8-9b2a-a13021cf0da2}</UniqueIdentifier>
    </Filter>
    <Filter Include="Source Files\Model\Player">
      <UniqueIdentifier>{30e545c7-d79a-4565-b786-6aab9bf61695}</UniqueIdentifier>
    </Filter>
    <Filter Include="Header Files\Model\Player">
      <UniqueIdentifier>{7a4b54d4-e316-4180-b1f3-49d6835a0e06}</UniqueIdentifier>
    </Filter>
    <Filter Include="Header Files\Model\Item">
      <UniqueIdentifier>{182660bf-133c-49e6-bbab-8e49e1d941ef}</UniqueIdentifier>
    </Filter>
    <Filter Include="Header Files\Model\Entity">
      <UniqueIdentifier>{e6260e8a-3811-43e9-800d-82bdd767be66}</UniqueIdentifier>
    </Filter>
    <Filter Include="Source Files\Manager\Scene">
      <UniqueIdentifier>{22f5ab3e-a211-484b-a616-0b09cf999c86}</UniqueIdentifier>
    </Filter>
    <Filter Include="Header Files\Manager\Scene">
      <UniqueIdentifier>{a0520f2a-8d74-4d1d-b905-1c646f913848}</UniqueIdentifier>
    </Filter>
    <Filter Include="Header Files\Model\File">
      <UniqueIdentifier>{460d24b3-9ebc-49c9-9946-5bf67bdd8198}</UniqueIdentifier>
    </Filter>
    <Filter Include="Source Files\Model\Scene\Inventory">
      <UniqueIdentifier>{7956e0da-3da8-4784-baed-71d1da9b5465}</UniqueIdentifier>
    </Filter>
    <Filter Include="Header Files\Model\Scene\Inventory">
      <UniqueIdentifier>{4462656c-1068-4063-bead-7ca0ade2b4c8}</UniqueIdentifier>
    </Filter>
  </ItemGroup>
  <ItemGroup>
    <ClCompile Include="main.cpp">
      <Filter>Source Files</Filter>
    </ClCompile>
    <ClCompile Include="Model\Scene\Abstract\abstractScene.cpp">
      <Filter>Source Files\Model\Scene\Abstract</Filter>
    </ClCompile>
    <ClCompile Include="Model\Scene\Default\defaultScene.cpp">
      <Filter>Source Files\Model\Scene\Default</Filter>
    </ClCompile>
    <ClCompile Include="Model\Player\player.cpp">
      <Filter>Source Files\Model\Player</Filter>
    </ClCompile>
    <ClCompile Include="Manager\Scene\sceneManager.cpp">
      <Filter>Source Files\Manager\Scene</Filter>
    </ClCompile>
    <ClCompile Include="System\fileParser.cpp">
      <Filter>Source Files\System</Filter>
    </ClCompile>
    <ClCompile Include="System\system.cpp">
      <Filter>Source Files\System</Filter>
    </ClCompile>
    <ClCompile Include="inventoryScene.cpp">
      <Filter>Source Files\Model\Scene\Inventory</Filter>
    </ClCompile>
  </ItemGroup>
  <ItemGroup>
    <ClInclude Include="SceneInterface.h">
      <Filter>Header Files\Interface</Filter>
    </ClInclude>
    <ClInclude Include="Model\Scene\Abstract\AbstractScene.h">
      <Filter>Header Files\Model\Scene\Abstract</Filter>
    </ClInclude>
    <ClInclude Include="Model\Scene\Default\DefaultScene.h">
      <Filter>Header Files\Model\Scene\Default</Filter>
    </ClInclude>
    <ClInclude Include="Model\Player\Player.h">
      <Filter>Header Files\Model\Player</Filter>
    </ClInclude>
    <ClInclude Include="Model\Item\Item.h">
      <Filter>Header Files\Model\Item</Filter>
    </ClInclude>
    <ClInclude Include="Model\Entity\Entity.h">
      <Filter>Header Files\Model\Entity</Filter>
    </ClInclude>
    <ClInclude Include="Manager\Scene\SceneManager.h">
      <Filter>Header Files\Manager\Scene</Filter>
    </ClInclude>
    <ClInclude Include="System\FileParser.h">
      <Filter>Header Files\System</Filter>
    </ClInclude>
    <ClInclude Include="System\ItemImporter.h">
      <Filter>Header Files\System</Filter>
    </ClInclude>
    <ClInclude Include="System\System.h">
      <Filter>Header Files\System</Filter>
    </ClInclude>
    <ClInclude Include="Model\SceneInterface.h">
      <Filter>Header Files\Model\Scene</Filter>
    </ClInclude>
    <ClInclude Include="File.h">
      <Filter>Header Files\Model\File</Filter>
    </ClInclude>
    <ClInclude Include="Optionr.h">
      <Filter>Header Files\Model\File</Filter>
    </ClInclude>
    <ClInclude Include="DataObject.h">
      <Filter>Header Files\Model</Filter>
    </ClInclude>
    <ClInclude Include="InventoryScene.h">
      <Filter>Header Files\Model\Scene\Inventory</Filter>
    </ClInclude>
  </ItemGroup>
</Project>